
Microsoft Visual Studio Solution File, Format Version 12.00
# Visual Studio Version 16
VisualStudioVersion = 16.0.30503.244
MinimumVisualStudioVersion = 10.0.40219.1
Project("{FAE04EC0-301F-11D3-BF4B-00C04F79EFBC}") = "RegisterTask", "RegisterTask.csproj", "{E5ABA18D-5EF2-493A-84E9-B6DF96FC8E6E}"
EndProject
Global
	GlobalSection(SolutionConfigurationPlatforms) = preSolution
		Debug|Any CPU = Debug|Any CPU
		Release|Any CPU = Release|Any CPU
	EndGlobalSection
	GlobalSection(ProjectConfigurationPlatforms) = postSolution
		{E5ABA18D-5EF2-493A-84E9-B6DF96FC8E6E}.Debug|Any CPU.ActiveCfg = Debug|Any CPU
		{E5ABA18D-5EF2-493A-84E9-B6DF96FC8E6E}.Debug|Any CPU.Build.0 = Debug|Any CPU
		{E5ABA18D-5EF2-493A-84E9-B6DF96FC8E6E}.Release|Any CPU.ActiveCfg = Release|Any CPU
		{E5ABA18D-5EF2-493A-84E9-B6DF96FC8E6E}.Release|Any CPU.Build.0 = Release|Any CPU
	EndGlobalSection
	GlobalSection(SolutionProperties) = preSolution
		HideSolutionNode = FALSE
	EndGlobalSection
	GlobalSection(ExtensibilityGlobals) = postSolution
		SolutionGuid = {D3DA4F95-86D9-4339-8716-A3D1BEE66CC4}
	EndGlobalSection
EndGlobal
